
Microsoft Visual Studio Solution File, Format Version 12.00
# Visual Studio Version 17
VisualStudioVersion = 17.10.35013.160
MinimumVisualStudioVersion = 10.0.40219.1
Project("{FAE04EC0-301F-11D3-BF4B-00C04F79EFBC}") = "CSharp_Practice", "CSharp_Practice\CSharp_Practice.csproj", "{A224A01E-60A3-4858-A61C-B41DE0B297B2}"
EndProject
Project("{FAE04EC0-301F-11D3-BF4B-00C04F79EFBC}") = "MySecondProject", "MySecondProject\MySecondProject.csproj", "{BE98F38B-ED12-4D2C-89D5-C926075047D4}"
EndProject
Project("{FAE04EC0-301F-11D3-BF4B-00C04F79EFBC}") = "Functions", "Functions\Functions.csproj", "{E01BFE94-7DE4-40EB-859F-D7C62C8A8CDC}"
EndProject
Global
	GlobalSection(SolutionConfigurationPlatforms) = preSolution
		Debug|Any CPU = Debug|Any CPU
		Release|Any CPU = Release|Any CPU
	EndGlobalSection
	GlobalSection(ProjectConfigurationPlatforms) = postSolution
		{A224A01E-60A3-4858-A61C-B41DE0B297B2}.Debug|Any CPU.ActiveCfg = Debug|Any CPU
		{A224A01E-60A3-4858-A61C-B41DE0B297B2}.Debug|Any CPU.Build.0 = Debug|Any CPU
		{A224A01E-60A3-4858-A61C-B41DE0B297B2}.Release|Any CPU.ActiveCfg = Release|Any CPU
		{A224A01E-60A3-4858-A61C-B41DE0B297B2}.Release|Any CPU.Build.0 = Release|Any CPU
		{BE98F38B-ED12-4D2C-89D5-C926075047D4}.Debug|Any CPU.ActiveCfg = Debug|Any CPU
		{BE98F38B-ED12-4D2C-89D5-C926075047D4}.Debug|Any CPU.Build.0 = Debug|Any CPU
		{BE98F38B-ED12-4D2C-89D5-C926075047D4}.Release|Any CPU.ActiveCfg = Release|Any CPU
		{BE98F38B-ED12-4D2C-89D5-C926075047D4}.Release|Any CPU.Build.0 = Release|Any CPU
		{E01BFE94-7DE4-40EB-859F-D7C62C8A8CDC}.Debug|Any CPU.ActiveCfg = Debug|Any CPU
		{E01BFE94-7DE4-40EB-859F-D7C62C8A8CDC}.Debug|Any CPU.Build.0 = Debug|Any CPU
		{E01BFE94-7DE4-40EB-859F-D7C62C8A8CDC}.Release|Any CPU.ActiveCfg = Release|Any CPU
		{E01BFE94-7DE4-40EB-859F-D7C62C8A8CDC}.Release|Any CPU.Build.0 = Release|Any CPU
	EndGlobalSection
	GlobalSection(SolutionProperties) = preSolution
		HideSolutionNode = FALSE
	EndGlobalSection
	GlobalSection(ExtensibilityGlobals) = postSolution
		SolutionGuid = {DA28A2DB-D3A3-49A3-AF64-B6D985D5DE6C}
	EndGlobalSection
EndGlobal
